
Microsoft Visual Studio Solution File, Format Version 12.00
Project("{2150E333-8FDC-42A3-9474-1A3956D46DE8}") = "src", "src", "{0521C078-BE28-471F-A04E-393E8FD2A131}"
EndProject
Project("{2150E333-8FDC-42A3-9474-1A3956D46DE8}") = "tests", "tests", "{D6496B32-0A12-4EFE-BA91-12E7042764F2}"
EndProject
Project("{2150E333-8FDC-42A3-9474-1A3956D46DE8}") = "common", "common", "{7CE20AA1-2E97-4DDF-A526-01DD8361607D}"
EndProject
Project("{FAE04EC0-301F-11D3-BF4B-00C04F79EFBC}") = "WebApi", "src\WebApi\WebApi.csproj", "{8E574311-A5E4-490C-8E8D-511B9903E81A}"
EndProject
Project("{FAE04EC0-301F-11D3-BF4B-00C04F79EFBC}") = "Infrastructure", "src\Infrastructure\Infrastructure.csproj", "{39DDD881-32F0-4C7E-900D-FFED9F938F9E}"
EndProject
Project("{FAE04EC0-301F-11D3-BF4B-00C04F79EFBC}") = "Application", "src\Application\Application.csproj", "{81F8EF7D-3B0E-4F93-91BB-BFF5F27428AC}"
EndProject
Project("{FAE04EC0-301F-11D3-BF4B-00C04F79EFBC}") = "Domain", "src\Domain\Domain.csproj", "{36CF5224-B883-4DC7-9C02-6B83E9AEA147}"
EndProject
Project("{FAE04EC0-301F-11D3-BF4B-00C04F79EFBC}") = "UserService.Domain.Tests", "tests\UserService.Domain.Tests\UserService.Domain.Tests.csproj", "{941EFD91-4777-429F-B572-E02440496D49}"
EndProject
Project("{FAE04EC0-301F-11D3-BF4B-00C04F79EFBC}") = "Core", "src\Core\Core.csproj", "{7136219D-4F5D-42E0-AEF0-89C33D4763A7}"
EndProject
Project("{FAE04EC0-301F-11D3-BF4B-00C04F79EFBC}") = "UserService.Application.Tests", "tests\UserService.Application.Tests\UserService.Application.Tests.csproj", "{908DDEC7-A127-4693-8438-BEEDD3619928}"
EndProject
Project("{FAE04EC0-301F-11D3-BF4B-00C04F79EFBC}") = "UserService.Core.Tests", "tests\UserService.Core.Tests\UserService.Core.Tests.csproj", "{2505724D-D228-4A26-9734-D9FEF3C483B5}"
EndProject
Project("{FAE04EC0-301F-11D3-BF4B-00C04F79EFBC}") = "UserService.Infrastructure.Tests", "tests\UserService.Infrastructure.Tests\UserService.Infrastructure.Tests.csproj", "{C8D25B75-3AE2-4169-BA69-30881F06F305}"
EndProject
Project("{FAE04EC0-301F-11D3-BF4B-00C04F79EFBC}") = "Grpc", "src\Grpc\Grpc.csproj", "{782D888C-126A-4415-AEF9-FC5848FB1A6D}"
EndProject
Project("{FAE04EC0-301F-11D3-BF4B-00C04F79EFBC}") = "UserService.Grpc.Tests", "tests\UserService.Grpc.Tests\UserService.Grpc.Tests.csproj", "{ED86363A-B5E0-4456-A229-D48B5558228B}"
EndProject
Project("{FAE04EC0-301F-11D3-BF4B-00C04F79EFBC}") = "UserService.WebApi.Tests", "tests\UserService.WebApi.Tests\UserService.WebApi.Tests.csproj", "{3AD52C0A-B96A-4275-BE1C-BF46880091AA}"
EndProject
Global
	GlobalSection(SolutionConfigurationPlatforms) = preSolution
		Debug|Any CPU = Debug|Any CPU
		Release|Any CPU = Release|Any CPU
	EndGlobalSection
	GlobalSection(NestedProjects) = preSolution
		{8E574311-A5E4-490C-8E8D-511B9903E81A} = {0521C078-BE28-471F-A04E-393E8FD2A131}
		{39DDD881-32F0-4C7E-900D-FFED9F938F9E} = {0521C078-BE28-471F-A04E-393E8FD2A131}
		{81F8EF7D-3B0E-4F93-91BB-BFF5F27428AC} = {0521C078-BE28-471F-A04E-393E8FD2A131}
		{36CF5224-B883-4DC7-9C02-6B83E9AEA147} = {0521C078-BE28-471F-A04E-393E8FD2A131}
		{941EFD91-4777-429F-B572-E02440496D49} = {D6496B32-0A12-4EFE-BA91-12E7042764F2}
		{7136219D-4F5D-42E0-AEF0-89C33D4763A7} = {0521C078-BE28-471F-A04E-393E8FD2A131}
		{908DDEC7-A127-4693-8438-BEEDD3619928} = {D6496B32-0A12-4EFE-BA91-12E7042764F2}
		{2505724D-D228-4A26-9734-D9FEF3C483B5} = {D6496B32-0A12-4EFE-BA91-12E7042764F2}
		{C8D25B75-3AE2-4169-BA69-30881F06F305} = {D6496B32-0A12-4EFE-BA91-12E7042764F2}
		{782D888C-126A-4415-AEF9-FC5848FB1A6D} = {0521C078-BE28-471F-A04E-393E8FD2A131}
		{ED86363A-B5E0-4456-A229-D48B5558228B} = {D6496B32-0A12-4EFE-BA91-12E7042764F2}
		{3AD52C0A-B96A-4275-BE1C-BF46880091AA} = {D6496B32-0A12-4EFE-BA91-12E7042764F2}
	EndGlobalSection
	GlobalSection(ProjectConfigurationPlatforms) = postSolution
		{8E574311-A5E4-490C-8E8D-511B9903E81A}.Debug|Any CPU.ActiveCfg = Debug|Any CPU
		{8E574311-A5E4-490C-8E8D-511B9903E81A}.Debug|Any CPU.Build.0 = Debug|Any CPU
		{8E574311-A5E4-490C-8E8D-511B9903E81A}.Release|Any CPU.ActiveCfg = Release|Any CPU
		{8E574311-A5E4-490C-8E8D-511B9903E81A}.Release|Any CPU.Build.0 = Release|Any CPU
		{39DDD881-32F0-4C7E-900D-FFED9F938F9E}.Debug|Any CPU.ActiveCfg = Debug|Any CPU
		{39DDD881-32F0-4C7E-900D-FFED9F938F9E}.Debug|Any CPU.Build.0 = Debug|Any CPU
		{39DDD881-32F0-4C7E-900D-FFED9F938F9E}.Release|Any CPU.ActiveCfg = Release|Any CPU
		{39DDD881-32F0-4C7E-900D-FFED9F938F9E}.Release|Any CPU.Build.0 = Release|Any CPU
		{81F8EF7D-3B0E-4F93-91BB-BFF5F27428AC}.Debug|Any CPU.ActiveCfg = Debug|Any CPU
		{81F8EF7D-3B0E-4F93-91BB-BFF5F27428AC}.Debug|Any CPU.Build.0 = Debug|Any CPU
		{81F8EF7D-3B0E-4F93-91BB-BFF5F27428AC}.Release|Any CPU.ActiveCfg = Release|Any CPU
		{81F8EF7D-3B0E-4F93-91BB-BFF5F27428AC}.Release|Any CPU.Build.0 = Release|Any CPU
		{36CF5224-B883-4DC7-9C02-6B83E9AEA147}.Debug|Any CPU.ActiveCfg = Debug|Any CPU
		{36CF5224-B883-4DC7-9C02-6B83E9AEA147}.Debug|Any CPU.Build.0 = Debug|Any CPU
		{36CF5224-B883-4DC7-9C02-6B83E9AEA147}.Release|Any CPU.ActiveCfg = Release|Any CPU
		{36CF5224-B883-4DC7-9C02-6B83E9AEA147}.Release|Any CPU.Build.0 = Release|Any CPU
		{941EFD91-4777-429F-B572-E02440496D49}.Debug|Any CPU.ActiveCfg = Debug|Any CPU
		{941EFD91-4777-429F-B572-E02440496D49}.Debug|Any CPU.Build.0 = Debug|Any CPU
		{941EFD91-4777-429F-B572-E02440496D49}.Release|Any CPU.ActiveCfg = Release|Any CPU
		{941EFD91-4777-429F-B572-E02440496D49}.Release|Any CPU.Build.0 = Release|Any CPU
		{7136219D-4F5D-42E0-AEF0-89C33D4763A7}.Debug|Any CPU.ActiveCfg = Debug|Any CPU
		{7136219D-4F5D-42E0-AEF0-89C33D4763A7}.Debug|Any CPU.Build.0 = Debug|Any CPU
		{7136219D-4F5D-42E0-AEF0-89C33D4763A7}.Release|Any CPU.ActiveCfg = Release|Any CPU
		{7136219D-4F5D-42E0-AEF0-89C33D4763A7}.Release|Any CPU.Build.0 = Release|Any CPU
		{908DDEC7-A127-4693-8438-BEEDD3619928}.Debug|Any CPU.ActiveCfg = Debug|Any CPU
		{908DDEC7-A127-4693-8438-BEEDD3619928}.Debug|Any CPU.Build.0 = Debug|Any CPU
		{908DDEC7-A127-4693-8438-BEEDD3619928}.Release|Any CPU.ActiveCfg = Release|Any CPU
		{908DDEC7-A127-4693-8438-BEEDD3619928}.Release|Any CPU.Build.0 = Release|Any CPU
		{2505724D-D228-4A26-9734-D9FEF3C483B5}.Debug|Any CPU.ActiveCfg = Debug|Any CPU
		{2505724D-D228-4A26-9734-D9FEF3C483B5}.Debug|Any CPU.Build.0 = Debug|Any CPU
		{2505724D-D228-4A26-9734-D9FEF3C483B5}.Release|Any CPU.ActiveCfg = Release|Any CPU
		{2505724D-D228-4A26-9734-D9FEF3C483B5}.Release|Any CPU.Build.0 = Release|Any CPU
		{C8D25B75-3AE2-4169-BA69-30881F06F305}.Debug|Any CPU.ActiveCfg = Debug|Any CPU
		{C8D25B75-3AE2-4169-BA69-30881F06F305}.Debug|Any CPU.Build.0 = Debug|Any CPU
		{C8D25B75-3AE2-4169-BA69-30881F06F305}.Release|Any CPU.ActiveCfg = Release|Any CPU
		{C8D25B75-3AE2-4169-BA69-30881F06F305}.Release|Any CPU.Build.0 = Release|Any CPU
		{782D888C-126A-4415-AEF9-FC5848FB1A6D}.Debug|Any CPU.ActiveCfg = Debug|Any CPU
		{782D888C-126A-4415-AEF9-FC5848FB1A6D}.Debug|Any CPU.Build.0 = Debug|Any CPU
		{782D888C-126A-4415-AEF9-FC5848FB1A6D}.Release|Any CPU.ActiveCfg = Release|Any CPU
		{782D888C-126A-4415-AEF9-FC5848FB1A6D}.Release|Any CPU.Build.0 = Release|Any CPU
		{ED86363A-B5E0-4456-A229-D48B5558228B}.Debug|Any CPU.ActiveCfg = Debug|Any CPU
		{ED86363A-B5E0-4456-A229-D48B5558228B}.Debug|Any CPU.Build.0 = Debug|Any CPU
		{ED86363A-B5E0-4456-A229-D48B5558228B}.Release|Any CPU.ActiveCfg = Release|Any CPU
		{ED86363A-B5E0-4456-A229-D48B5558228B}.Release|Any CPU.Build.0 = Release|Any CPU
		{3AD52C0A-B96A-4275-BE1C-BF46880091AA}.Debug|Any CPU.ActiveCfg = Debug|Any CPU
		{3AD52C0A-B96A-4275-BE1C-BF46880091AA}.Debug|Any CPU.Build.0 = Debug|Any CPU
		{3AD52C0A-B96A-4275-BE1C-BF46880091AA}.Release|Any CPU.ActiveCfg = Release|Any CPU
		{3AD52C0A-B96A-4275-BE1C-BF46880091AA}.Release|Any CPU.Build.0 = Release|Any CPU
	EndGlobalSection
EndGlobal
